<?xml version="1.0" encoding="utf-8"?>
<Project ToolsVersion="4.0" xmlns="http://schemas.microsoft.com/developer/msbuild/2003">
  <ItemGroup>
    <Filter Include="Source Files">
      <UniqueIdentifier>{8ebbe06d-168f-429a-b45b-7f83a76668c6}</UniqueIdentifier>
    </Filter>
    <Filter Include="Generated Files">
      <UniqueIdentifier>{931c20e2-7c78-437e-8299-5b2f18ee05fc}</UniqueIdentifier>
      <SourceControlFiles>False</SourceControlFiles>
    </Filter>
  </ItemGroup>
  <ItemGroup>
    <None Include="vs2012_atlprojps.def" />
  </ItemGroup>
  <ItemGroup>
    <ClCompile Include="vs2012_atlproj_i.c">
      <Filter>Generated Files</Filter>
    </ClCompile>
    <ClCompile Include="vs2012_atlproj_p.c">
      <Filter>Generated Files</Filter>
    </ClCompile>
    <ClCompile Include="dlldata.c">
      <Filter>Generated Files</Filter>
    </ClCompile>
  </ItemGroup>
</Project>