
Microsoft Visual Studio Solution File, Format Version 12.00
# Visual Studio 14
VisualStudioVersion = 14.0.25420.1
MinimumVisualStudioVersion = 10.0.40219.1
Project("{8BC9CEB8-8B4A-11D0-8D11-00A0C91BC942}") = "vs2015_console", "vs2015_console\vs2015_console.vcxproj", "{7887B78C-40FD-46D2-9CE4-DAB909F8FCB9}"
EndProject
Project("{8BC9CEB8-8B4A-11D0-8D11-00A0C91BC942}") = "vs2015_win32", "vs2015_win32\vs2015_win32.vcxproj", "{6C48F4F9-8ECE-4A3D-8AEF-93273BBD52DA}"
EndProject
Project("{8BC9CEB8-8B4A-11D0-8D11-00A0C91BC942}") = "vs2015_dll", "vs2015_dll\vs2015_dll.vcxproj", "{DC420480-46B6-41FB-8CD8-10D1C92BF062}"
EndProject
Project("{8BC9CEB8-8B4A-11D0-8D11-00A0C91BC942}") = "vs2015_staticlib", "vs2015_staticlib\vs2015_staticlib.vcxproj", "{5F040CB9-88A9-4B6B-B9D5-1A246D2225C4}"
EndProject
Project("{8BC9CEB8-8B4A-11D0-8D11-00A0C91BC942}") = "vs2015_atlproj", "vs2015_atlproj\vs2015_atlproj.vcxproj", "{E1C474CF-E4F7-43A7-A9CE-22A666531A1C}"
EndProject
Project("{8BC9CEB8-8B4A-11D0-8D11-00A0C91BC942}") = "vs2015_atlprojPS", "vs2015_atlproj\vs2015_atlprojPS.vcxproj", "{82404DB0-426B-4426-BA66-1E870415E7AD}"
	ProjectSection(ProjectDependencies) = postProject
		{E1C474CF-E4F7-43A7-A9CE-22A666531A1C} = {E1C474CF-E4F7-43A7-A9CE-22A666531A1C}
	EndProjectSection
EndProject
Project("{FAE04EC0-301F-11D3-BF4B-00C04F79EFBC}") = "vs2015_dotnet_console", "vs2015_dotnet_console\vs2015_dotnet_console.csproj", "{55D398A0-3CE4-4A23-8BF4-F05521EF1054}"
EndProject
Project("{FAE04EC0-301F-11D3-BF4B-00C04F79EFBC}") = "vs2015_dotnet_winapp", "vs2015_dotnet_winapp\vs2015_dotnet_winapp.csproj", "{96048364-E8C7-487D-900F-C7E0F8761F0C}"
EndProject
Project("{8BC9CEB8-8B4A-11D0-8D11-00A0C91BC942}") = "vs2015_console_vs140_xp", "vs2015_console_vs140_xp\vs2015_console_vs140_xp.vcxproj", "{998F7D42-2E3A-419F-A9D3-73E0957ED11B}"
EndProject
Project("{8BC9CEB8-8B4A-11D0-8D11-00A0C91BC942}") = "vs2015_console_vs120_xp", "vs2015_console_vs120_xp\vs2015_console_vs120_xp.vcxproj", "{2581EEBB-1947-488F-94DA-5ED6BBD9B8D3}"
EndProject
Project("{8BC9CEB8-8B4A-11D0-8D11-00A0C91BC942}") = "vs2015_console_vs120", "vs2015_console_vs120\vs2015_console_vs120.vcxproj", "{B2EEE3A4-CD36-4A63-BD33-CFF1B1F22B8D}"
EndProject
Project("{8BC9CEB8-8B4A-11D0-8D11-00A0C91BC942}") = "vs2015_console_vs110_xp", "vs2015_console_vs110_xp\vs2015_console_vs110_xp.vcxproj", "{53B8F9AC-708D-4E73-AB60-78F9DDB1ADFF}"
EndProject
Project("{8BC9CEB8-8B4A-11D0-8D11-00A0C91BC942}") = "vs2015_console_vs110", "vs2015_console_vs110\vs2015_console_vs110.vcxproj", "{F040EF04-2FAC-4EBB-BA40-7247C89BBA93}"
EndProject
Project("{8BC9CEB8-8B4A-11D0-8D11-00A0C91BC942}") = "vs2015_console_vs100", "vs2015_console_vs100\vs2015_console_vs100.vcxproj", "{4624A540-8652-4695-A773-2E9068C3D5F2}"
EndProject
Project("{8BC9CEB8-8B4A-11D0-8D11-00A0C91BC942}") = "vs2015_console_vs90", "vs2015_console_vs90\vs2015_console_vs90.vcxproj", "{7CE680FB-CC5F-4D32-B1C0-B9D3DC90A6A9}"
EndProject
Project("{8BC9CEB8-8B4A-11D0-8D11-00A0C91BC942}") = "vs2015_console_winsdk71", "vs2015_console_winsdk71\vs2015_console_winsdk71.vcxproj", "{346E8192-6B38-4D98-A9EC-8EF3A9AB62EB}"
EndProject
Global
	GlobalSection(SolutionConfigurationPlatforms) = preSolution
		Debug|Any CPU = Debug|Any CPU
		Debug|x64 = Debug|x64
		Debug|x86 = Debug|x86
		Release|Any CPU = Release|Any CPU
		Release|x64 = Release|x64
		Release|x86 = Release|x86
	EndGlobalSection
	GlobalSection(ProjectConfigurationPlatforms) = postSolution
		{7887B78C-40FD-46D2-9CE4-DAB909F8FCB9}.Debug|Any CPU.ActiveCfg = Debug|Win32
		{7887B78C-40FD-46D2-9CE4-DAB909F8FCB9}.Debug|x64.ActiveCfg = Debug|x64
		{7887B78C-40FD-46D2-9CE4-DAB909F8FCB9}.Debug|x64.Build.0 = Debug|x64
		{7887B78C-40FD-46D2-9CE4-DAB909F8FCB9}.Debug|x86.ActiveCfg = Debug|Win32
		{7887B78C-40FD-46D2-9CE4-DAB909F8FCB9}.Debug|x86.Build.0 = Debug|Win32
		{7887B78C-40FD-46D2-9CE4-DAB909F8FCB9}.Release|Any CPU.ActiveCfg = Release|Win32
		{7887B78C-40FD-46D2-9CE4-DAB909F8FCB9}.Release|x64.ActiveCfg = Release|x64
		{7887B78C-40FD-46D2-9CE4-DAB909F8FCB9}.Release|x64.Build.0 = Release|x64
		{7887B78C-40FD-46D2-9CE4-DAB909F8FCB9}.Release|x86.ActiveCfg = Release|Win32
		{7887B78C-40FD-46D2-9CE4-DAB909F8FCB9}.Release|x86.Build.0 = Release|Win32
		{6C48F4F9-8ECE-4A3D-8AEF-93273BBD52DA}.Debug|Any CPU.ActiveCfg = Debug|Win32
		{6C48F4F9-8ECE-4A3D-8AEF-93273BBD52DA}.Debug|x64.ActiveCfg = Debug|x64
		{6C48F4F9-8ECE-4A3D-8AEF-93273BBD52DA}.Debug|x64.Build.0 = Debug|x64
		{6C48F4F9-8ECE-4A3D-8AEF-93273BBD52DA}.Debug|x86.ActiveCfg = Debug|Win32
		{6C48F4F9-8ECE-4A3D-8AEF-93273BBD52DA}.Debug|x86.Build.0 = Debug|Win32
		{6C48F4F9-8ECE-4A3D-8AEF-93273BBD52DA}.Release|Any CPU.ActiveCfg = Release|Win32
		{6C48F4F9-8ECE-4A3D-8AEF-93273BBD52DA}.Release|x64.ActiveCfg = Release|x64
		{6C48F4F9-8ECE-4A3D-8AEF-93273BBD52DA}.Release|x64.Build.0 = Release|x64
		{6C48F4F9-8ECE-4A3D-8AEF-93273BBD52DA}.Release|x86.ActiveCfg = Release|Win32
		{6C48F4F9-8ECE-4A3D-8AEF-93273BBD52DA}.Release|x86.Build.0 = Release|Win32
		{DC420480-46B6-41FB-8CD8-10D1C92BF062}.Debug|Any CPU.ActiveCfg = Debug|Win32
		{DC420480-46B6-41FB-8CD8-10D1C92BF062}.Debug|x64.ActiveCfg = Debug|x64
		{DC420480-46B6-41FB-8CD8-10D1C92BF062}.Debug|x64.Build.0 = Debug|x64
		{DC420480-46B6-41FB-8CD8-10D1C92BF062}.Debug|x86.ActiveCfg = Debug|Win32
		{DC420480-46B6-41FB-8CD8-10D1C92BF062}.Debug|x86.Build.0 = Debug|Win32
		{DC420480-46B6-41FB-8CD8-10D1C92BF062}.Release|Any CPU.ActiveCfg = Release|Win32
		{DC420480-46B6-41FB-8CD8-10D1C92BF062}.Release|x64.ActiveCfg = Release|x64
		{DC420480-46B6-41FB-8CD8-10D1C92BF062}.Release|x64.Build.0 = Release|x64
		{DC420480-46B6-41FB-8CD8-10D1C92BF062}.Release|x86.ActiveCfg = Release|Win32
		{DC420480-46B6-41FB-8CD8-10D1C92BF062}.Release|x86.Build.0 = Release|Win32
		{5F040CB9-88A9-4B6B-B9D5-1A246D2225C4}.Debug|Any CPU.ActiveCfg = Debug|Win32
		{5F040CB9-88A9-4B6B-B9D5-1A246D2225C4}.Debug|x64.ActiveCfg = Debug|x64
		{5F040CB9-88A9-4B6B-B9D5-1A246D2225C4}.Debug|x64.Build.0 = Debug|x64
		{5F040CB9-88A9-4B6B-B9D5-1A246D2225C4}.Debug|x86.ActiveCfg = Debug|Win32
		{5F040CB9-88A9-4B6B-B9D5-1A246D2225C4}.Debug|x86.Build.0 = Debug|Win32
		{5F040CB9-88A9-4B6B-B9D5-1A246D2225C4}.Release|Any CPU.ActiveCfg = Release|Win32
		{5F040CB9-88A9-4B6B-B9D5-1A246D2225C4}.Release|x64.ActiveCfg = Release|x64
		{5F040CB9-88A9-4B6B-B9D5-1A246D2225C4}.Release|x64.Build.0 = Release|x64
		{5F040CB9-88A9-4B6B-B9D5-1A246D2225C4}.Release|x86.ActiveCfg = Release|Win32
		{5F040CB9-88A9-4B6B-B9D5-1A246D2225C4}.Release|x86.Build.0 = Release|Win32
		{E1C474CF-E4F7-43A7-A9CE-22A666531A1C}.Debug|Any CPU.ActiveCfg = Debug|Win32
		{E1C474CF-E4F7-43A7-A9CE-22A666531A1C}.Debug|x64.ActiveCfg = Debug|x64
		{E1C474CF-E4F7-43A7-A9CE-22A666531A1C}.Debug|x64.Build.0 = Debug|x64
		{E1C474CF-E4F7-43A7-A9CE-22A666531A1C}.Debug|x86.ActiveCfg = Debug|Win32
		{E1C474CF-E4F7-43A7-A9CE-22A666531A1C}.Debug|x86.Build.0 = Debug|Win32
		{E1C474CF-E4F7-43A7-A9CE-22A666531A1C}.Release|Any CPU.ActiveCfg = Release|Win32
		{E1C474CF-E4F7-43A7-A9CE-22A666531A1C}.Release|x64.ActiveCfg = Release|x64
		{E1C474CF-E4F7-43A7-A9CE-22A666531A1C}.Release|x64.Build.0 = Release|x64
		{E1C474CF-E4F7-43A7-A9CE-22A666531A1C}.Release|x86.ActiveCfg = Release|Win32
		{E1C474CF-E4F7-43A7-A9CE-22A666531A1C}.Release|x86.Build.0 = Release|Win32
		{82404DB0-426B-4426-BA66-1E870415E7AD}.Debug|Any CPU.ActiveCfg = Debug|Win32
		{82404DB0-426B-4426-BA66-1E870415E7AD}.Debug|x64.ActiveCfg = Debug|x64
		{82404DB0-426B-4426-BA66-1E870415E7AD}.Debug|x86.ActiveCfg = Debug|Win32
		{82404DB0-426B-4426-BA66-1E870415E7AD}.Release|Any CPU.ActiveCfg = Release|Win32
		{82404DB0-426B-4426-BA66-1E870415E7AD}.Release|x64.ActiveCfg = Release|x64
		{82404DB0-426B-4426-BA66-1E870415E7AD}.Release|x86.ActiveCfg = Release|Win32
		{55D398A0-3CE4-4A23-8BF4-F05521EF1054}.Debug|Any CPU.ActiveCfg = Debug|Any CPU
		{55D398A0-3CE4-4A23-8BF4-F05521EF1054}.Debug|Any CPU.Build.0 = Debug|Any CPU
		{55D398A0-3CE4-4A23-8BF4-F05521EF1054}.Debug|x64.ActiveCfg = Debug|Any CPU
		{55D398A0-3CE4-4A23-8BF4-F05521EF1054}.Debug|x64.Build.0 = Debug|Any CPU
		{55D398A0-3CE4-4A23-8BF4-F05521EF1054}.Debug|x86.ActiveCfg = Debug|Any CPU
		{55D398A0-3CE4-4A23-8BF4-F05521EF1054}.Debug|x86.Build.0 = Debug|Any CPU
		{55D398A0-3CE4-4A23-8BF4-F05521EF1054}.Release|Any CPU.ActiveCfg = Release|Any CPU
		{55D398A0-3CE4-4A23-8BF4-F05521EF1054}.Release|Any CPU.Build.0 = Release|Any CPU
		{55D398A0-3CE4-4A23-8BF4-F05521EF1054}.Release|x64.ActiveCfg = Release|Any CPU
		{55D398A0-3CE4-4A23-8BF4-F05521EF1054}.Release|x64.Build.0 = Release|Any CPU
		{55D398A0-3CE4-4A23-8BF4-F05521EF1054}.Release|x86.ActiveCfg = Release|Any CPU
		{55D398A0-3CE4-4A23-8BF4-F05521EF1054}.Release|x86.Build.0 = Release|Any CPU
		{96048364-E8C7-487D-900F-C7E0F8761F0C}.Debug|Any CPU.ActiveCfg = Debug|Any CPU
		{96048364-E8C7-487D-900F-C7E0F8761F0C}.Debug|Any CPU.Build.0 = Debug|Any CPU
		{96048364-E8C7-487D-900F-C7E0F8761F0C}.Debug|x64.ActiveCfg = Debug|Any CPU
		{96048364-E8C7-487D-900F-C7E0F8761F0C}.Debug|x64.Build.0 = Debug|Any CPU
		{96048364-E8C7-487D-900F-C7E0F8761F0C}.Debug|x86.ActiveCfg = Debug|Any CPU
		{96048364-E8C7-487D-900F-C7E0F8761F0C}.Debug|x86.Build.0 = Debug|Any CPU
		{96048364-E8C7-487D-900F-C7E0F8761F0C}.Release|Any CPU.ActiveCfg = Release|Any CPU
		{96048364-E8C7-487D-900F-C7E0F8761F0C}.Release|Any CPU.Build.0 = Release|Any CPU
		{96048364-E8C7-487D-900F-C7E0F8761F0C}.Release|x64.ActiveCfg = Release|Any CPU
		{96048364-E8C7-487D-900F-C7E0F8761F0C}.Release|x64.Build.0 = Release|Any CPU
		{96048364-E8C7-487D-900F-C7E0F8761F0C}.Release|x86.ActiveCfg = Release|Any CPU
		{96048364-E8C7-487D-900F-C7E0F8761F0C}.Release|x86.Build.0 = Release|Any CPU
		{998F7D42-2E3A-419F-A9D3-73E0957ED11B}.Debug|Any CPU.ActiveCfg = Debug|Win32
		{998F7D42-2E3A-419F-A9D3-73E0957ED11B}.Debug|x64.ActiveCfg = Debug|x64
		{998F7D42-2E3A-419F-A9D3-73E0957ED11B}.Debug|x64.Build.0 = Debug|x64
		{998F7D42-2E3A-419F-A9D3-73E0957ED11B}.Debug|x86.ActiveCfg = Debug|Win32
		{998F7D42-2E3A-419F-A9D3-73E0957ED11B}.Debug|x86.Build.0 = Debug|Win32
		{998F7D42-2E3A-419F-A9D3-73E0957ED11B}.Release|Any CPU.ActiveCfg = Release|Win32
		{998F7D42-2E3A-419F-A9D3-73E0957ED11B}.Release|x64.ActiveCfg = Release|x64
		{998F7D42-2E3A-419F-A9D3-73E0957ED11B}.Release|x64.Build.0 = Release|x64
		{998F7D42-2E3A-419F-A9D3-73E0957ED11B}.Release|x86.ActiveCfg = Release|Win32
		{998F7D42-2E3A-419F-A9D3-73E0957ED11B}.Release|x86.Build.0 = Release|Win32
		{2581EEBB-1947-488F-94DA-5ED6BBD9B8D3}.Debug|Any CPU.ActiveCfg = Debug|Win32
		{2581EEBB-1947-488F-94DA-5ED6BBD9B8D3}.Debug|x64.ActiveCfg = Debug|x64
		{2581EEBB-1947-488F-94DA-5ED6BBD9B8D3}.Debug|x64.Build.0 = Debug|x64
		{2581EEBB-1947-488F-94DA-5ED6BBD9B8D3}.Debug|x86.ActiveCfg = Debug|Win32
		{2581EEBB-1947-488F-94DA-5ED6BBD9B8D3}.Debug|x86.Build.0 = Debug|Win32
		{2581EEBB-1947-488F-94DA-5ED6BBD9B8D3}.Release|Any CPU.ActiveCfg = Release|Win32
		{2581EEBB-1947-488F-94DA-5ED6BBD9B8D3}.Release|x64.ActiveCfg = Release|x64
		{2581EEBB-1947-488F-94DA-5ED6BBD9B8D3}.Release|x64.Build.0 = Release|x64
		{2581EEBB-1947-488F-94DA-5ED6BBD9B8D3}.Release|x86.ActiveCfg = Release|Win32
		{2581EEBB-1947-488F-94DA-5ED6BBD9B8D3}.Release|x86.Build.0 = Release|Win32
		{B2EEE3A4-CD36-4A63-BD33-CFF1B1F22B8D}.Debug|Any CPU.ActiveCfg = Debug|Win32
		{B2EEE3A4-CD36-4A63-BD33-CFF1B1F22B8D}.Debug|x64.ActiveCfg = Debug|x64
		{B2EEE3A4-CD36-4A63-BD33-CFF1B1F22B8D}.Debug|x64.Build.0 = Debug|x64
		{B2EEE3A4-CD36-4A63-BD33-CFF1B1F22B8D}.Debug|x86.ActiveCfg = Debug|Win32
		{B2EEE3A4-CD36-4A63-BD33-CFF1B1F22B8D}.Debug|x86.Build.0 = Debug|Win32
		{B2EEE3A4-CD36-4A63-BD33-CFF1B1F22B8D}.Release|Any CPU.ActiveCfg = Release|Win32
		{B2EEE3A4-CD36-4A63-BD33-CFF1B1F22B8D}.Release|x64.ActiveCfg = Release|x64
		{B2EEE3A4-CD36-4A63-BD33-CFF1B1F22B8D}.Release|x64.Build.0 = Release|x64
		{B2EEE3A4-CD36-4A63-BD33-CFF1B1F22B8D}.Release|x86.ActiveCfg = Release|Win32
		{B2EEE3A4-CD36-4A63-BD33-CFF1B1F22B8D}.Release|x86.Build.0 = Release|Win32
		{53B8F9AC-708D-4E73-AB60-78F9DDB1ADFF}.Debug|Any CPU.ActiveCfg = Debug|Win32
		{53B8F9AC-708D-4E73-AB60-78F9DDB1ADFF}.Debug|x64.ActiveCfg = Debug|x64
		{53B8F9AC-708D-4E73-AB60-78F9DDB1ADFF}.Debug|x64.Build.0 = Debug|x64
		{53B8F9AC-708D-4E73-AB60-78F9DDB1ADFF}.Debug|x86.ActiveCfg = Debug|Win32
		{53B8F9AC-708D-4E73-AB60-78F9DDB1ADFF}.Debug|x86.Build.0 = Debug|Win32
		{53B8F9AC-708D-4E73-AB60-78F9DDB1ADFF}.Release|Any CPU.ActiveCfg = Release|Win32
		{53B8F9AC-708D-4E73-AB60-78F9DDB1ADFF}.Release|x64.ActiveCfg = Release|x64
		{53B8F9AC-708D-4E73-AB60-78F9DDB1ADFF}.Release|x64.Build.0 = Release|x64
		{53B8F9AC-708D-4E73-AB60-78F9DDB1ADFF}.Release|x86.ActiveCfg = Release|Win32
		{53B8F9AC-708D-4E73-AB60-78F9DDB1ADFF}.Release|x86.Build.0 = Release|Win32
		{F040EF04-2FAC-4EBB-BA40-7247C89BBA93}.Debug|Any CPU.ActiveCfg = Debug|Win32
		{F040EF04-2FAC-4EBB-BA40-7247C89BBA93}.Debug|x64.ActiveCfg = Debug|x64
		{F040EF04-2FAC-4EBB-BA40-7247C89BBA93}.Debug|x64.Build.0 = Debug|x64
		{F040EF04-2FAC-4EBB-BA40-7247C89BBA93}.Debug|x86.ActiveCfg = Debug|Win32
		{F040EF04-2FAC-4EBB-BA40-7247C89BBA93}.Debug|x86.Build.0 = Debug|Win32
		{F040EF04-2FAC-4EBB-BA40-7247C89BBA93}.Release|Any CPU.ActiveCfg = Release|Win32
		{F040EF04-2FAC-4EBB-BA40-7247C89BBA93}.Release|x64.ActiveCfg = Release|x64
		{F040EF04-2FAC-4EBB-BA40-7247C89BBA93}.Release|x64.Build.0 = Release|x64
		{F040EF04-2FAC-4EBB-BA40-7247C89BBA93}.Release|x86.ActiveCfg = Release|Win32
		{F040EF04-2FAC-4EBB-BA40-7247C89BBA93}.Release|x86.Build.0 = Release|Win32
		{4624A540-8652-4695-A773-2E9068C3D5F2}.Debug|Any CPU.ActiveCfg = Debug|Win32
		{4624A540-8652-4695-A773-2E9068C3D5F2}.Debug|x64.ActiveCfg = Debug|x64
		{4624A540-8652-4695-A773-2E9068C3D5F2}.Debug|x64.Build.0 = Debug|x64
		{4624A540-8652-4695-A773-2E9068C3D5F2}.Debug|x86.ActiveCfg = Debug|Win32
		{4624A540-8652-4695-A773-2E9068C3D5F2}.Debug|x86.Build.0 = Debug|Win32
		{4624A540-8652-4695-A773-2E9068C3D5F2}.Release|Any CPU.ActiveCfg = Release|Win32
		{4624A540-8652-4695-A773-2E9068C3D5F2}.Release|x64.ActiveCfg = Release|x64
		{4624A540-8652-4695-A773-2E9068C3D5F2}.Release|x64.Build.0 = Release|x64
		{4624A540-8652-4695-A773-2E9068C3D5F2}.Release|x86.ActiveCfg = Release|Win32
		{4624A540-8652-4695-A773-2E9068C3D5F2}.Release|x86.Build.0 = Release|Win32
		{7CE680FB-CC5F-4D32-B1C0-B9D3DC90A6A9}.Debug|Any CPU.ActiveCfg = Debug|Win32
		{7CE680FB-CC5F-4D32-B1C0-B9D3DC90A6A9}.Debug|x64.ActiveCfg = Debug|x64
		{7CE680FB-CC5F-4D32-B1C0-B9D3DC90A6A9}.Debug|x64.Build.0 = Debug|x64
		{7CE680FB-CC5F-4D32-B1C0-B9D3DC90A6A9}.Debug|x86.ActiveCfg = Debug|Win32
		{7CE680FB-CC5F-4D32-B1C0-B9D3DC90A6A9}.Debug|x86.Build.0 = Debug|Win32
		{7CE680FB-CC5F-4D32-B1C0-B9D3DC90A6A9}.Release|Any CPU.ActiveCfg = Release|Win32
		{7CE680FB-CC5F-4D32-B1C0-B9D3DC90A6A9}.Release|x64.ActiveCfg = Release|x64
		{7CE680FB-CC5F-4D32-B1C0-B9D3DC90A6A9}.Release|x64.Build.0 = Release|x64
		{7CE680FB-CC5F-4D32-B1C0-B9D3DC90A6A9}.Release|x86.ActiveCfg = Release|Win32
		{7CE680FB-CC5F-4D32-B1C0-B9D3DC90A6A9}.Release|x86.Build.0 = Release|Win32
		{346E8192-6B38-4D98-A9EC-8EF3A9AB62EB}.Debug|Any CPU.ActiveCfg = Debug|Win32
		{346E8192-6B38-4D98-A9EC-8EF3A9AB62EB}.Debug|x64.ActiveCfg = Debug|x64
		{346E8192-6B38-4D98-A9EC-8EF3A9AB62EB}.Debug|x64.Build.0 = Debug|x64
		{346E8192-6B38-4D98-A9EC-8EF3A9AB62EB}.Debug|x86.ActiveCfg = Debug|Win32
		{346E8192-6B38-4D98-A9EC-8EF3A9AB62EB}.Debug|x86.Build.0 = Debug|Win32
		{346E8192-6B38-4D98-A9EC-8EF3A9AB62EB}.Release|Any CPU.ActiveCfg = Release|Win32
		{346E8192-6B38-4D98-A9EC-8EF3A9AB62EB}.Release|x64.ActiveCfg = Release|x64
		{346E8192-6B38-4D98-A9EC-8EF3A9AB62EB}.Release|x64.Build.0 = Release|x64
		{346E8192-6B38-4D98-A9EC-8EF3A9AB62EB}.Release|x86.ActiveCfg = Release|Win32
		{346E8192-6B38-4D98-A9EC-8EF3A9AB62EB}.Release|x86.Build.0 = Release|Win32
	EndGlobalSection
	GlobalSection(SolutionProperties) = preSolution
		HideSolutionNode = FALSE
	EndGlobalSection
EndGlobal
