<?xml version="1.0" encoding="utf-8"?>
<Project ToolsVersion="4.0" xmlns="http://schemas.microsoft.com/developer/msbuild/2003">
  <ItemGroup>
    <Filter Include="Source Files">
      <UniqueIdentifier>{0f43cce8-3ec7-4a0a-bbd6-e9cd973915a5}</UniqueIdentifier>
    </Filter>
    <Filter Include="Generated Files">
      <UniqueIdentifier>{5d7e4857-992f-414d-b7b7-c562fba92d58}</UniqueIdentifier>
      <SourceControlFiles>False</SourceControlFiles>
    </Filter>
  </ItemGroup>
  <ItemGroup>
    <None Include="vs2013_atlprojps.def" />
  </ItemGroup>
  <ItemGroup>
    <ClCompile Include="vs2013_atlproj_i.c">
      <Filter>Generated Files</Filter>
    </ClCompile>
    <ClCompile Include="vs2013_atlproj_p.c">
      <Filter>Generated Files</Filter>
    </ClCompile>
    <ClCompile Include="dlldata.c">
      <Filter>Generated Files</Filter>
    </ClCompile>
  </ItemGroup>
</Project>