
Microsoft Visual Studio Solution File, Format Version 12.00
# Visual Studio Version 17
VisualStudioVersion = 17.1.32210.238
MinimumVisualStudioVersion = 10.0.40219.1
Project("{8BC9CEB8-8B4A-11D0-8D11-00A0C91BC942}") = "vs2022_console", "vs2022_console\vs2022_console.vcxproj", "{C064B33E-9BFA-47F0-879A-A42CD3396B84}"
EndProject
Project("{8BC9CEB8-8B4A-11D0-8D11-00A0C91BC942}") = "vs2022_win32", "vs2022_win32\vs2022_win32.vcxproj", "{B4FD0806-61E3-4A7A-984B-8C0FD4E5F6B5}"
EndProject
Project("{8BC9CEB8-8B4A-11D0-8D11-00A0C91BC942}") = "vs2022_dll", "vs2022_dll\vs2022_dll.vcxproj", "{EA344A7A-0B62-44CD-AE8E-021F222DC06D}"
EndProject
Project("{8BC9CEB8-8B4A-11D0-8D11-00A0C91BC942}") = "vs2022_staticlib", "vs2022_staticlib\vs2022_staticlib.vcxproj", "{29EC5BC0-4794-4B28-99BC-8466BD2ECFD6}"
EndProject
Project("{8BC9CEB8-8B4A-11D0-8D11-00A0C91BC942}") = "vs2022_atlproj", "vs2022_atlproj\vs2022_atlproj.vcxproj", "{7E37BFCE-D65C-4436-856B-E6D65C4D9F0E}"
EndProject
Project("{8BC9CEB8-8B4A-11D0-8D11-00A0C91BC942}") = "vs2022_atlprojPS", "vs2022_atlprojPS\vs2022_atlprojPS.vcxproj", "{A345DF71-9739-44D4-B173-C41BB3EEEEFA}"
	ProjectSection(ProjectDependencies) = postProject
		{7E37BFCE-D65C-4436-856B-E6D65C4D9F0E} = {7E37BFCE-D65C-4436-856B-E6D65C4D9F0E}
	EndProjectSection
EndProject
Project("{8BC9CEB8-8B4A-11D0-8D11-00A0C91BC942}") = "vs2022_console_v141_xp", "vs2022_console_v141_xp\vs2022_console_v141_xp.vcxproj", "{6E27C18A-F912-49B6-AAC8-A39C71C5B718}"
EndProject
Project("{8BC9CEB8-8B4A-11D0-8D11-00A0C91BC942}") = "vs2022_console_v142", "vs2022_console_v142\vs2022_console_v142.vcxproj", "{88C0709D-B102-4657-97FE-3A651CABEE08}"
EndProject
Project("{8BC9CEB8-8B4A-11D0-8D11-00A0C91BC942}") = "vs2022_console_clang", "vs2022_console_clang\vs2022_console_clang.vcxproj", "{703F22BF-2363-42EB-9388-8E2E4731C610}"
EndProject
Global
	GlobalSection(SolutionConfigurationPlatforms) = preSolution
		Debug|ARM = Debug|ARM
		Debug|ARM64 = Debug|ARM64
		Debug|Itanium = Debug|Itanium
		Debug|x64 = Debug|x64
		Debug|x86 = Debug|x86
		Release|ARM = Release|ARM
		Release|ARM64 = Release|ARM64
		Release|Itanium = Release|Itanium
		Release|x64 = Release|x64
		Release|x86 = Release|x86
	EndGlobalSection
	GlobalSection(ProjectConfigurationPlatforms) = postSolution
		{C064B33E-9BFA-47F0-879A-A42CD3396B84}.Debug|ARM.ActiveCfg = Debug|ARM
		{C064B33E-9BFA-47F0-879A-A42CD3396B84}.Debug|ARM.Build.0 = Debug|ARM
		{C064B33E-9BFA-47F0-879A-A42CD3396B84}.Debug|ARM64.ActiveCfg = Debug|ARM64
		{C064B33E-9BFA-47F0-879A-A42CD3396B84}.Debug|ARM64.Build.0 = Debug|ARM64
		{C064B33E-9BFA-47F0-879A-A42CD3396B84}.Debug|Itanium.ActiveCfg = Debug|Itanium
		{C064B33E-9BFA-47F0-879A-A42CD3396B84}.Debug|Itanium.Build.0 = Debug|Itanium
		{C064B33E-9BFA-47F0-879A-A42CD3396B84}.Debug|x64.ActiveCfg = Debug|x64
		{C064B33E-9BFA-47F0-879A-A42CD3396B84}.Debug|x64.Build.0 = Debug|x64
		{C064B33E-9BFA-47F0-879A-A42CD3396B84}.Debug|x86.ActiveCfg = Debug|Win32
		{C064B33E-9BFA-47F0-879A-A42CD3396B84}.Debug|x86.Build.0 = Debug|Win32
		{C064B33E-9BFA-47F0-879A-A42CD3396B84}.Release|ARM.ActiveCfg = Release|ARM
		{C064B33E-9BFA-47F0-879A-A42CD3396B84}.Release|ARM.Build.0 = Release|ARM
		{C064B33E-9BFA-47F0-879A-A42CD3396B84}.Release|ARM64.ActiveCfg = Release|ARM64
		{C064B33E-9BFA-47F0-879A-A42CD3396B84}.Release|ARM64.Build.0 = Release|ARM64
		{C064B33E-9BFA-47F0-879A-A42CD3396B84}.Release|Itanium.ActiveCfg = Release|Itanium
		{C064B33E-9BFA-47F0-879A-A42CD3396B84}.Release|Itanium.Build.0 = Release|Itanium
		{C064B33E-9BFA-47F0-879A-A42CD3396B84}.Release|x64.ActiveCfg = Release|x64
		{C064B33E-9BFA-47F0-879A-A42CD3396B84}.Release|x64.Build.0 = Release|x64
		{C064B33E-9BFA-47F0-879A-A42CD3396B84}.Release|x86.ActiveCfg = Release|Win32
		{C064B33E-9BFA-47F0-879A-A42CD3396B84}.Release|x86.Build.0 = Release|Win32
		{B4FD0806-61E3-4A7A-984B-8C0FD4E5F6B5}.Debug|ARM.ActiveCfg = Debug|ARM
		{B4FD0806-61E3-4A7A-984B-8C0FD4E5F6B5}.Debug|ARM.Build.0 = Debug|ARM
		{B4FD0806-61E3-4A7A-984B-8C0FD4E5F6B5}.Debug|ARM64.ActiveCfg = Debug|ARM64
		{B4FD0806-61E3-4A7A-984B-8C0FD4E5F6B5}.Debug|ARM64.Build.0 = Debug|ARM64
		{B4FD0806-61E3-4A7A-984B-8C0FD4E5F6B5}.Debug|Itanium.ActiveCfg = Debug|Itanium
		{B4FD0806-61E3-4A7A-984B-8C0FD4E5F6B5}.Debug|Itanium.Build.0 = Debug|Itanium
		{B4FD0806-61E3-4A7A-984B-8C0FD4E5F6B5}.Debug|x64.ActiveCfg = Debug|x64
		{B4FD0806-61E3-4A7A-984B-8C0FD4E5F6B5}.Debug|x64.Build.0 = Debug|x64
		{B4FD0806-61E3-4A7A-984B-8C0FD4E5F6B5}.Debug|x86.ActiveCfg = Debug|Win32
		{B4FD0806-61E3-4A7A-984B-8C0FD4E5F6B5}.Debug|x86.Build.0 = Debug|Win32
		{B4FD0806-61E3-4A7A-984B-8C0FD4E5F6B5}.Release|ARM.ActiveCfg = Release|ARM
		{B4FD0806-61E3-4A7A-984B-8C0FD4E5F6B5}.Release|ARM.Build.0 = Release|ARM
		{B4FD0806-61E3-4A7A-984B-8C0FD4E5F6B5}.Release|ARM64.ActiveCfg = Release|ARM64
		{B4FD0806-61E3-4A7A-984B-8C0FD4E5F6B5}.Release|ARM64.Build.0 = Release|ARM64
		{B4FD0806-61E3-4A7A-984B-8C0FD4E5F6B5}.Release|Itanium.ActiveCfg = Release|Itanium
		{B4FD0806-61E3-4A7A-984B-8C0FD4E5F6B5}.Release|Itanium.Build.0 = Release|Itanium
		{B4FD0806-61E3-4A7A-984B-8C0FD4E5F6B5}.Release|x64.ActiveCfg = Release|x64
		{B4FD0806-61E3-4A7A-984B-8C0FD4E5F6B5}.Release|x64.Build.0 = Release|x64
		{B4FD0806-61E3-4A7A-984B-8C0FD4E5F6B5}.Release|x86.ActiveCfg = Release|Win32
		{B4FD0806-61E3-4A7A-984B-8C0FD4E5F6B5}.Release|x86.Build.0 = Release|Win32
		{EA344A7A-0B62-44CD-AE8E-021F222DC06D}.Debug|ARM.ActiveCfg = Debug|ARM
		{EA344A7A-0B62-44CD-AE8E-021F222DC06D}.Debug|ARM.Build.0 = Debug|ARM
		{EA344A7A-0B62-44CD-AE8E-021F222DC06D}.Debug|ARM64.ActiveCfg = Debug|ARM64
		{EA344A7A-0B62-44CD-AE8E-021F222DC06D}.Debug|ARM64.Build.0 = Debug|ARM64
		{EA344A7A-0B62-44CD-AE8E-021F222DC06D}.Debug|Itanium.ActiveCfg = Debug|Itanium
		{EA344A7A-0B62-44CD-AE8E-021F222DC06D}.Debug|Itanium.Build.0 = Debug|Itanium
		{EA344A7A-0B62-44CD-AE8E-021F222DC06D}.Debug|x64.ActiveCfg = Debug|x64
		{EA344A7A-0B62-44CD-AE8E-021F222DC06D}.Debug|x64.Build.0 = Debug|x64
		{EA344A7A-0B62-44CD-AE8E-021F222DC06D}.Debug|x86.ActiveCfg = Debug|Win32
		{EA344A7A-0B62-44CD-AE8E-021F222DC06D}.Debug|x86.Build.0 = Debug|Win32
		{EA344A7A-0B62-44CD-AE8E-021F222DC06D}.Release|ARM.ActiveCfg = Release|ARM
		{EA344A7A-0B62-44CD-AE8E-021F222DC06D}.Release|ARM.Build.0 = Release|ARM
		{EA344A7A-0B62-44CD-AE8E-021F222DC06D}.Release|ARM64.ActiveCfg = Release|ARM64
		{EA344A7A-0B62-44CD-AE8E-021F222DC06D}.Release|ARM64.Build.0 = Release|ARM64
		{EA344A7A-0B62-44CD-AE8E-021F222DC06D}.Release|Itanium.ActiveCfg = Release|Itanium
		{EA344A7A-0B62-44CD-AE8E-021F222DC06D}.Release|Itanium.Build.0 = Release|Itanium
		{EA344A7A-0B62-44CD-AE8E-021F222DC06D}.Release|x64.ActiveCfg = Release|x64
		{EA344A7A-0B62-44CD-AE8E-021F222DC06D}.Release|x64.Build.0 = Release|x64
		{EA344A7A-0B62-44CD-AE8E-021F222DC06D}.Release|x86.ActiveCfg = Release|Win32
		{EA344A7A-0B62-44CD-AE8E-021F222DC06D}.Release|x86.Build.0 = Release|Win32
		{29EC5BC0-4794-4B28-99BC-8466BD2ECFD6}.Debug|ARM.ActiveCfg = Debug|ARM
		{29EC5BC0-4794-4B28-99BC-8466BD2ECFD6}.Debug|ARM.Build.0 = Debug|ARM
		{29EC5BC0-4794-4B28-99BC-8466BD2ECFD6}.Debug|ARM64.ActiveCfg = Debug|ARM64
		{29EC5BC0-4794-4B28-99BC-8466BD2ECFD6}.Debug|ARM64.Build.0 = Debug|ARM64
		{29EC5BC0-4794-4B28-99BC-8466BD2ECFD6}.Debug|Itanium.ActiveCfg = Debug|Itanium
		{29EC5BC0-4794-4B28-99BC-8466BD2ECFD6}.Debug|Itanium.Build.0 = Debug|Itanium
		{29EC5BC0-4794-4B28-99BC-8466BD2ECFD6}.Debug|x64.ActiveCfg = Debug|x64
		{29EC5BC0-4794-4B28-99BC-8466BD2ECFD6}.Debug|x64.Build.0 = Debug|x64
		{29EC5BC0-4794-4B28-99BC-8466BD2ECFD6}.Debug|x86.ActiveCfg = Debug|Win32
		{29EC5BC0-4794-4B28-99BC-8466BD2ECFD6}.Debug|x86.Build.0 = Debug|Win32
		{29EC5BC0-4794-4B28-99BC-8466BD2ECFD6}.Release|ARM.ActiveCfg = Release|ARM
		{29EC5BC0-4794-4B28-99BC-8466BD2ECFD6}.Release|ARM.Build.0 = Release|ARM
		{29EC5BC0-4794-4B28-99BC-8466BD2ECFD6}.Release|ARM64.ActiveCfg = Release|ARM64
		{29EC5BC0-4794-4B28-99BC-8466BD2ECFD6}.Release|ARM64.Build.0 = Release|ARM64
		{29EC5BC0-4794-4B28-99BC-8466BD2ECFD6}.Release|Itanium.ActiveCfg = Release|Itanium
		{29EC5BC0-4794-4B28-99BC-8466BD2ECFD6}.Release|Itanium.Build.0 = Release|Itanium
		{29EC5BC0-4794-4B28-99BC-8466BD2ECFD6}.Release|x64.ActiveCfg = Release|x64
		{29EC5BC0-4794-4B28-99BC-8466BD2ECFD6}.Release|x64.Build.0 = Release|x64
		{29EC5BC0-4794-4B28-99BC-8466BD2ECFD6}.Release|x86.ActiveCfg = Release|Win32
		{29EC5BC0-4794-4B28-99BC-8466BD2ECFD6}.Release|x86.Build.0 = Release|Win32
		{7E37BFCE-D65C-4436-856B-E6D65C4D9F0E}.Debug|ARM.ActiveCfg = Debug|ARM
		{7E37BFCE-D65C-4436-856B-E6D65C4D9F0E}.Debug|ARM.Build.0 = Debug|ARM
		{7E37BFCE-D65C-4436-856B-E6D65C4D9F0E}.Debug|ARM64.ActiveCfg = Debug|ARM64
		{7E37BFCE-D65C-4436-856B-E6D65C4D9F0E}.Debug|ARM64.Build.0 = Debug|ARM64
		{7E37BFCE-D65C-4436-856B-E6D65C4D9F0E}.Debug|Itanium.ActiveCfg = Debug|Itanium
		{7E37BFCE-D65C-4436-856B-E6D65C4D9F0E}.Debug|Itanium.Build.0 = Debug|Itanium
		{7E37BFCE-D65C-4436-856B-E6D65C4D9F0E}.Debug|x64.ActiveCfg = Debug|x64
		{7E37BFCE-D65C-4436-856B-E6D65C4D9F0E}.Debug|x64.Build.0 = Debug|x64
		{7E37BFCE-D65C-4436-856B-E6D65C4D9F0E}.Debug|x86.ActiveCfg = Debug|Win32
		{7E37BFCE-D65C-4436-856B-E6D65C4D9F0E}.Debug|x86.Build.0 = Debug|Win32
		{7E37BFCE-D65C-4436-856B-E6D65C4D9F0E}.Release|ARM.ActiveCfg = Release|ARM
		{7E37BFCE-D65C-4436-856B-E6D65C4D9F0E}.Release|ARM.Build.0 = Release|ARM
		{7E37BFCE-D65C-4436-856B-E6D65C4D9F0E}.Release|ARM64.ActiveCfg = Release|ARM64
		{7E37BFCE-D65C-4436-856B-E6D65C4D9F0E}.Release|ARM64.Build.0 = Release|ARM64
		{7E37BFCE-D65C-4436-856B-E6D65C4D9F0E}.Release|Itanium.ActiveCfg = Release|Itanium
		{7E37BFCE-D65C-4436-856B-E6D65C4D9F0E}.Release|Itanium.Build.0 = Release|Itanium
		{7E37BFCE-D65C-4436-856B-E6D65C4D9F0E}.Release|x64.ActiveCfg = Release|x64
		{7E37BFCE-D65C-4436-856B-E6D65C4D9F0E}.Release|x64.Build.0 = Release|x64
		{7E37BFCE-D65C-4436-856B-E6D65C4D9F0E}.Release|x86.ActiveCfg = Release|Win32
		{7E37BFCE-D65C-4436-856B-E6D65C4D9F0E}.Release|x86.Build.0 = Release|Win32
		{A345DF71-9739-44D4-B173-C41BB3EEEEFA}.Debug|ARM.ActiveCfg = Debug|ARM
		{A345DF71-9739-44D4-B173-C41BB3EEEEFA}.Debug|ARM64.ActiveCfg = Debug|ARM64
		{A345DF71-9739-44D4-B173-C41BB3EEEEFA}.Debug|Itanium.ActiveCfg = Debug|Itanium
		{A345DF71-9739-44D4-B173-C41BB3EEEEFA}.Debug|x64.ActiveCfg = Debug|x64
		{A345DF71-9739-44D4-B173-C41BB3EEEEFA}.Debug|x86.ActiveCfg = Debug|Win32
		{A345DF71-9739-44D4-B173-C41BB3EEEEFA}.Release|ARM.ActiveCfg = Release|ARM
		{A345DF71-9739-44D4-B173-C41BB3EEEEFA}.Release|ARM64.ActiveCfg = Release|ARM64
		{A345DF71-9739-44D4-B173-C41BB3EEEEFA}.Release|Itanium.ActiveCfg = Release|Itanium
		{A345DF71-9739-44D4-B173-C41BB3EEEEFA}.Release|x64.ActiveCfg = Release|x64
		{A345DF71-9739-44D4-B173-C41BB3EEEEFA}.Release|x86.ActiveCfg = Release|Win32
		{6E27C18A-F912-49B6-AAC8-A39C71C5B718}.Debug|ARM.ActiveCfg = Debug|x64
		{6E27C18A-F912-49B6-AAC8-A39C71C5B718}.Debug|ARM.Build.0 = Debug|x64
		{6E27C18A-F912-49B6-AAC8-A39C71C5B718}.Debug|ARM64.ActiveCfg = Debug|x64
		{6E27C18A-F912-49B6-AAC8-A39C71C5B718}.Debug|ARM64.Build.0 = Debug|x64
		{6E27C18A-F912-49B6-AAC8-A39C71C5B718}.Debug|Itanium.ActiveCfg = Debug|x64
		{6E27C18A-F912-49B6-AAC8-A39C71C5B718}.Debug|Itanium.Build.0 = Debug|x64
		{6E27C18A-F912-49B6-AAC8-A39C71C5B718}.Debug|x64.ActiveCfg = Debug|x64
		{6E27C18A-F912-49B6-AAC8-A39C71C5B718}.Debug|x64.Build.0 = Debug|x64
		{6E27C18A-F912-49B6-AAC8-A39C71C5B718}.Debug|x86.ActiveCfg = Debug|Win32
		{6E27C18A-F912-49B6-AAC8-A39C71C5B718}.Debug|x86.Build.0 = Debug|Win32
		{6E27C18A-F912-49B6-AAC8-A39C71C5B718}.Release|ARM.ActiveCfg = Release|x64
		{6E27C18A-F912-49B6-AAC8-A39C71C5B718}.Release|ARM.Build.0 = Release|x64
		{6E27C18A-F912-49B6-AAC8-A39C71C5B718}.Release|ARM64.ActiveCfg = Release|x64
		{6E27C18A-F912-49B6-AAC8-A39C71C5B718}.Release|ARM64.Build.0 = Release|x64
		{6E27C18A-F912-49B6-AAC8-A39C71C5B718}.Release|Itanium.ActiveCfg = Release|x64
		{6E27C18A-F912-49B6-AAC8-A39C71C5B718}.Release|Itanium.Build.0 = Release|x64
		{6E27C18A-F912-49B6-AAC8-A39C71C5B718}.Release|x64.ActiveCfg = Release|x64
		{6E27C18A-F912-49B6-AAC8-A39C71C5B718}.Release|x64.Build.0 = Release|x64
		{6E27C18A-F912-49B6-AAC8-A39C71C5B718}.Release|x86.ActiveCfg = Release|Win32
		{6E27C18A-F912-49B6-AAC8-A39C71C5B718}.Release|x86.Build.0 = Release|Win32
		{88C0709D-B102-4657-97FE-3A651CABEE08}.Debug|ARM.ActiveCfg = Debug|x64
		{88C0709D-B102-4657-97FE-3A651CABEE08}.Debug|ARM.Build.0 = Debug|x64
		{88C0709D-B102-4657-97FE-3A651CABEE08}.Debug|ARM64.ActiveCfg = Debug|x64
		{88C0709D-B102-4657-97FE-3A651CABEE08}.Debug|ARM64.Build.0 = Debug|x64
		{88C0709D-B102-4657-97FE-3A651CABEE08}.Debug|Itanium.ActiveCfg = Debug|x64
		{88C0709D-B102-4657-97FE-3A651CABEE08}.Debug|Itanium.Build.0 = Debug|x64
		{88C0709D-B102-4657-97FE-3A651CABEE08}.Debug|x64.ActiveCfg = Debug|x64
		{88C0709D-B102-4657-97FE-3A651CABEE08}.Debug|x64.Build.0 = Debug|x64
		{88C0709D-B102-4657-97FE-3A651CABEE08}.Debug|x86.ActiveCfg = Debug|Win32
		{88C0709D-B102-4657-97FE-3A651CABEE08}.Debug|x86.Build.0 = Debug|Win32
		{88C0709D-B102-4657-97FE-3A651CABEE08}.Release|ARM.ActiveCfg = Release|x64
		{88C0709D-B102-4657-97FE-3A651CABEE08}.Release|ARM.Build.0 = Release|x64
		{88C0709D-B102-4657-97FE-3A651CABEE08}.Release|ARM64.ActiveCfg = Release|x64
		{88C0709D-B102-4657-97FE-3A651CABEE08}.Release|ARM64.Build.0 = Release|x64
		{88C0709D-B102-4657-97FE-3A651CABEE08}.Release|Itanium.ActiveCfg = Release|x64
		{88C0709D-B102-4657-97FE-3A651CABEE08}.Release|Itanium.Build.0 = Release|x64
		{88C0709D-B102-4657-97FE-3A651CABEE08}.Release|x64.ActiveCfg = Release|x64
		{88C0709D-B102-4657-97FE-3A651CABEE08}.Release|x64.Build.0 = Release|x64
		{88C0709D-B102-4657-97FE-3A651CABEE08}.Release|x86.ActiveCfg = Release|Win32
		{88C0709D-B102-4657-97FE-3A651CABEE08}.Release|x86.Build.0 = Release|Win32
		{703F22BF-2363-42EB-9388-8E2E4731C610}.Debug|ARM.ActiveCfg = Debug|x64
		{703F22BF-2363-42EB-9388-8E2E4731C610}.Debug|ARM.Build.0 = Debug|x64
		{703F22BF-2363-42EB-9388-8E2E4731C610}.Debug|ARM64.ActiveCfg = Debug|x64
		{703F22BF-2363-42EB-9388-8E2E4731C610}.Debug|ARM64.Build.0 = Debug|x64
		{703F22BF-2363-42EB-9388-8E2E4731C610}.Debug|Itanium.ActiveCfg = Debug|x64
		{703F22BF-2363-42EB-9388-8E2E4731C610}.Debug|Itanium.Build.0 = Debug|x64
		{703F22BF-2363-42EB-9388-8E2E4731C610}.Debug|x64.ActiveCfg = Debug|x64
		{703F22BF-2363-42EB-9388-8E2E4731C610}.Debug|x64.Build.0 = Debug|x64
		{703F22BF-2363-42EB-9388-8E2E4731C610}.Debug|x86.ActiveCfg = Debug|Win32
		{703F22BF-2363-42EB-9388-8E2E4731C610}.Debug|x86.Build.0 = Debug|Win32
		{703F22BF-2363-42EB-9388-8E2E4731C610}.Release|ARM.ActiveCfg = Release|x64
		{703F22BF-2363-42EB-9388-8E2E4731C610}.Release|ARM.Build.0 = Release|x64
		{703F22BF-2363-42EB-9388-8E2E4731C610}.Release|ARM64.ActiveCfg = Release|x64
		{703F22BF-2363-42EB-9388-8E2E4731C610}.Release|ARM64.Build.0 = Release|x64
		{703F22BF-2363-42EB-9388-8E2E4731C610}.Release|Itanium.ActiveCfg = Release|x64
		{703F22BF-2363-42EB-9388-8E2E4731C610}.Release|Itanium.Build.0 = Release|x64
		{703F22BF-2363-42EB-9388-8E2E4731C610}.Release|x64.ActiveCfg = Release|x64
		{703F22BF-2363-42EB-9388-8E2E4731C610}.Release|x64.Build.0 = Release|x64
		{703F22BF-2363-42EB-9388-8E2E4731C610}.Release|x86.ActiveCfg = Release|Win32
		{703F22BF-2363-42EB-9388-8E2E4731C610}.Release|x86.Build.0 = Release|Win32
	EndGlobalSection
	GlobalSection(SolutionProperties) = preSolution
		HideSolutionNode = FALSE
	EndGlobalSection
	GlobalSection(ExtensibilityGlobals) = postSolution
		SolutionGuid = {9584C211-4ECD-4125-BCA1-18711AAE15EE}
	EndGlobalSection
EndGlobal
