<?xml version="1.0" encoding="utf-8"?>
<Project ToolsVersion="4.0" xmlns="http://schemas.microsoft.com/developer/msbuild/2003">
  <ItemGroup>
    <Filter Include="Source Files">
      <UniqueIdentifier>{7e2c9335-e5f8-47f7-a0e4-8970a662e83d}</UniqueIdentifier>
    </Filter>
    <Filter Include="Generated Files">
      <UniqueIdentifier>{9d4368c6-8081-45b2-87cd-12ba2ab0c335}</UniqueIdentifier>
      <SourceControlFiles>False</SourceControlFiles>
    </Filter>
  </ItemGroup>
  <ItemGroup>
    <None Include="vs2010_atlprojps.def" />
  </ItemGroup>
  <ItemGroup>
    <ClCompile Include="vs2010_atlproj_i.c">
      <Filter>Generated Files</Filter>
    </ClCompile>
    <ClCompile Include="vs2010_atlproj_p.c">
      <Filter>Generated Files</Filter>
    </ClCompile>
    <ClCompile Include="dlldata.c">
      <Filter>Generated Files</Filter>
    </ClCompile>
  </ItemGroup>
</Project>