<?xml version="1.0" encoding="utf-8"?>
<Project ToolsVersion="4.0" xmlns="http://schemas.microsoft.com/developer/msbuild/2003">
  <ItemGroup>
    <Filter Include="Source Files">
      <UniqueIdentifier>{2af2466c-3a7d-4adf-b5fd-08c1d4029077}</UniqueIdentifier>
    </Filter>
    <Filter Include="Generated Files">
      <UniqueIdentifier>{6c479274-615f-4847-ae25-5575dfe05c45}</UniqueIdentifier>
      <SourceControlFiles>False</SourceControlFiles>
    </Filter>
  </ItemGroup>
  <ItemGroup>
    <None Include="vs2015_atlprojps.def" />
  </ItemGroup>
  <ItemGroup>
    <ClCompile Include="vs2015_atlproj_i.c">
      <Filter>Generated Files</Filter>
    </ClCompile>
    <ClCompile Include="vs2015_atlproj_p.c">
      <Filter>Generated Files</Filter>
    </ClCompile>
    <ClCompile Include="dlldata.c">
      <Filter>Generated Files</Filter>
    </ClCompile>
  </ItemGroup>
</Project>